
Microsoft Visual Studio Solution File, Format Version 12.00
# Visual Studio 15
VisualStudioVersion = 15.0.28307.902
MinimumVisualStudioVersion = 10.0.40219.1
Project("{8BC9CEB8-8B4A-11D0-8D11-00A0C91BC942}") = "RPGGame", "RPGGame\RPGGame.vcxproj", "{BA5C66A1-21AF-473B-B2F0-37DFA94D66A6}"
	ProjectSection(ProjectDependencies) = postProject
		{25697FDC-FA0D-4FB3-BC37-914D6601CCF2} = {25697FDC-FA0D-4FB3-BC37-914D6601CCF2}
	EndProjectSection
EndProject
Project("{8BC9CEB8-8B4A-11D0-8D11-00A0C91BC942}") = "SDL_Engine", "..\common\SDL_Engine\SDL_Engine\SDL_Engine.vcxproj", "{D44AA05B-9DEB-4CE9-971A-C03F2FE88837}"
EndProject
Project("{8BC9CEB8-8B4A-11D0-8D11-00A0C91BC942}") = "Lua5.4", "..\common\Lua5.4\Lua5.4\Lua5.4.vcxproj", "{25697FDC-FA0D-4FB3-BC37-914D6601CCF2}"
EndProject
Global
	GlobalSection(SolutionConfigurationPlatforms) = preSolution
		Debug|x64 = Debug|x64
		Debug|x86 = Debug|x86
		Release|x64 = Release|x64
		Release|x86 = Release|x86
	EndGlobalSection
	GlobalSection(ProjectConfigurationPlatforms) = postSolution
		{BA5C66A1-21AF-473B-B2F0-37DFA94D66A6}.Debug|x64.ActiveCfg = Debug|x64
		{BA5C66A1-21AF-473B-B2F0-37DFA94D66A6}.Debug|x64.Build.0 = Debug|x64
		{BA5C66A1-21AF-473B-B2F0-37DFA94D66A6}.Debug|x86.ActiveCfg = Debug|Win32
		{BA5C66A1-21AF-473B-B2F0-37DFA94D66A6}.Debug|x86.Build.0 = Debug|Win32
		{BA5C66A1-21AF-473B-B2F0-37DFA94D66A6}.Release|x64.ActiveCfg = Release|x64
		{BA5C66A1-21AF-473B-B2F0-37DFA94D66A6}.Release|x64.Build.0 = Release|x64
		{BA5C66A1-21AF-473B-B2F0-37DFA94D66A6}.Release|x86.ActiveCfg = Release|Win32
		{BA5C66A1-21AF-473B-B2F0-37DFA94D66A6}.Release|x86.Build.0 = Release|Win32
		{D44AA05B-9DEB-4CE9-971A-C03F2FE88837}.Debug|x64.ActiveCfg = Debug|x64
		{D44AA05B-9DEB-4CE9-971A-C03F2FE88837}.Debug|x64.Build.0 = Debug|x64
		{D44AA05B-9DEB-4CE9-971A-C03F2FE88837}.Debug|x86.ActiveCfg = Debug|Win32
		{D44AA05B-9DEB-4CE9-971A-C03F2FE88837}.Debug|x86.Build.0 = Debug|Win32
		{D44AA05B-9DEB-4CE9-971A-C03F2FE88837}.Release|x64.ActiveCfg = Release|x64
		{D44AA05B-9DEB-4CE9-971A-C03F2FE88837}.Release|x64.Build.0 = Release|x64
		{D44AA05B-9DEB-4CE9-971A-C03F2FE88837}.Release|x86.ActiveCfg = Release|Win32
		{D44AA05B-9DEB-4CE9-971A-C03F2FE88837}.Release|x86.Build.0 = Release|Win32
		{25697FDC-FA0D-4FB3-BC37-914D6601CCF2}.Debug|x64.ActiveCfg = Debug|x64
		{25697FDC-FA0D-4FB3-BC37-914D6601CCF2}.Debug|x64.Build.0 = Debug|x64
		{25697FDC-FA0D-4FB3-BC37-914D6601CCF2}.Debug|x86.ActiveCfg = Debug|Win32
		{25697FDC-FA0D-4FB3-BC37-914D6601CCF2}.Debug|x86.Build.0 = Debug|Win32
		{25697FDC-FA0D-4FB3-BC37-914D6601CCF2}.Release|x64.ActiveCfg = Release|x64
		{25697FDC-FA0D-4FB3-BC37-914D6601CCF2}.Release|x64.Build.0 = Release|x64
		{25697FDC-FA0D-4FB3-BC37-914D6601CCF2}.Release|x86.ActiveCfg = Release|Win32
		{25697FDC-FA0D-4FB3-BC37-914D6601CCF2}.Release|x86.Build.0 = Release|Win32
	EndGlobalSection
	GlobalSection(SolutionProperties) = preSolution
		HideSolutionNode = FALSE
	EndGlobalSection
	GlobalSection(ExtensibilityGlobals) = postSolution
		SolutionGuid = {8B3EDDE5-CAFD-426C-86D3-C8F2BDBC8B8A}
	EndGlobalSection
EndGlobal
