<?xml version="1.0" encoding="utf-8"?>
<Project ToolsVersion="4.0" xmlns="http://schemas.microsoft.com/developer/msbuild/2003">
  <ItemGroup>
    <Filter Include="Classes">
      <UniqueIdentifier>{e1598a9d-6e1d-4a52-b182-bbd6b14e2e79}</UniqueIdentifier>
    </Filter>
    <Filter Include="Classes\layer">
      <UniqueIdentifier>{59dc0af6-0afc-4a10-bf74-4992b86fc33f}</UniqueIdentifier>
    </Filter>
    <Filter Include="Classes\data">
      <UniqueIdentifier>{387d5645-057a-492a-af81-8d31b4000d0f}</UniqueIdentifier>
    </Filter>
    <Filter Include="Classes\entity">
      <UniqueIdentifier>{96efb805-bd05-43ed-a0df-6984a4a9319b}</UniqueIdentifier>
    </Filter>
    <Filter Include="Classes\script">
      <UniqueIdentifier>{69110372-bf58-4eb4-849b-187e0b29f17a}</UniqueIdentifier>
    </Filter>
    <Filter Include="Classes\manager">
      <UniqueIdentifier>{a8bb7a15-82e8-4313-9e2c-78d1e97bb62b}</UniqueIdentifier>
    </Filter>
    <Filter Include="Classes\ui">
      <UniqueIdentifier>{c74e9704-d42b-4fd8-b8ac-acbb7ca504c7}</UniqueIdentifier>
    </Filter>
  </ItemGroup>
  <ItemGroup>
    <ClCompile Include="Classes\HelloWorldScene.cpp">
      <Filter>Classes</Filter>
    </ClCompile>
    <ClCompile Include="Classes\main.cpp">
      <Filter>Classes</Filter>
    </ClCompile>
    <ClCompile Include="Classes\GameScene.cpp">
      <Filter>Classes</Filter>
    </ClCompile>
    <ClCompile Include="Classes\layer\MapLayer.cpp">
      <Filter>Classes\layer</Filter>
    </ClCompile>
    <ClCompile Include="Classes\data\DynamicData.cpp">
      <Filter>Classes\data</Filter>
    </ClCompile>
    <ClCompile Include="Classes\data\StaticData.cpp">
      <Filter>Classes\data</Filter>
    </ClCompile>
    <ClCompile Include="Classes\data\UserRecord.cpp">
      <Filter>Classes\data</Filter>
    </ClCompile>
    <ClCompile Include="Classes\data\CharacterData.cpp">
      <Filter>Classes\data</Filter>
    </ClCompile>
    <ClCompile Include="Classes\entity\AStar.cpp">
      <Filter>Classes\entity</Filter>
    </ClCompile>
    <ClCompile Include="Classes\entity\Character.cpp">
      <Filter>Classes\entity</Filter>
    </ClCompile>
    <ClCompile Include="Classes\entity\Entity.cpp">
      <Filter>Classes\entity</Filter>
    </ClCompile>
    <ClCompile Include="Classes\entity\Controller.cpp">
      <Filter>Classes\entity</Filter>
    </ClCompile>
    <ClCompile Include="Classes\entity\FollowController.cpp">
      <Filter>Classes\entity</Filter>
    </ClCompile>
    <ClCompile Include="Classes\entity\AStarController.cpp">
      <Filter>Classes\entity</Filter>
    </ClCompile>
    <ClCompile Include="Classes\layer\EffectLayer.cpp">
      <Filter>Classes\layer</Filter>
    </ClCompile>
    <ClCompile Include="Classes\script\LuaStack.cpp">
      <Filter>Classes\script</Filter>
    </ClCompile>
    <ClCompile Include="Classes\layer\Text.cpp">
      <Filter>Classes\layer</Filter>
    </ClCompile>
    <ClCompile Include="Classes\layer\SpritePool.cpp">
      <Filter>Classes\layer</Filter>
    </ClCompile>
    <ClCompile Include="Classes\entity\LuaObject.cpp">
      <Filter>Classes\entity</Filter>
    </ClCompile>
    <ClCompile Include="Classes\script\BaseScript.cpp">
      <Filter>Classes\script</Filter>
    </ClCompile>
    <ClCompile Include="Classes\script\ObjectScript.cpp">
      <Filter>Classes\script</Filter>
    </ClCompile>
    <ClCompile Include="Classes\manager\PlayerManager.cpp">
      <Filter>Classes\manager</Filter>
    </ClCompile>
    <ClCompile Include="Classes\manager\ScriptManager.cpp">
      <Filter>Classes\manager</Filter>
    </ClCompile>
    <ClCompile Include="Classes\entity\PathStep.cpp">
      <Filter>Classes\entity</Filter>
    </ClCompile>
    <ClCompile Include="Classes\ui\OperationLayer.cpp">
      <Filter>Classes\ui</Filter>
    </ClCompile>
  </ItemGroup>
  <ItemGroup>
    <ClInclude Include="Classes\HelloWorldScene.h">
      <Filter>Classes</Filter>
    </ClInclude>
    <ClInclude Include="Classes\GameScene.h">
      <Filter>Classes</Filter>
    </ClInclude>
    <ClInclude Include="Classes\layer\MapLayer.h">
      <Filter>Classes\layer</Filter>
    </ClInclude>
    <ClInclude Include="Classes\data\DynamicData.h">
      <Filter>Classes\data</Filter>
    </ClInclude>
    <ClInclude Include="Classes\data\StaticData.h">
      <Filter>Classes\data</Filter>
    </ClInclude>
    <ClInclude Include="Classes\data\UserRecord.h">
      <Filter>Classes\data</Filter>
    </ClInclude>
    <ClInclude Include="Classes\GameMacros.h">
      <Filter>Classes</Filter>
    </ClInclude>
    <ClInclude Include="Classes\data\CharacterData.h">
      <Filter>Classes\data</Filter>
    </ClInclude>
    <ClInclude Include="Classes\entity\AStar.h">
      <Filter>Classes\entity</Filter>
    </ClInclude>
    <ClInclude Include="Classes\entity\Character.h">
      <Filter>Classes\entity</Filter>
    </ClInclude>
    <ClInclude Include="Classes\entity\Entity.h">
      <Filter>Classes\entity</Filter>
    </ClInclude>
    <ClInclude Include="Classes\entity\Controller.h">
      <Filter>Classes\entity</Filter>
    </ClInclude>
    <ClInclude Include="Classes\entity\ControllerListener.h">
      <Filter>Classes\entity</Filter>
    </ClInclude>
    <ClInclude Include="Classes\entity\FollowController.h">
      <Filter>Classes\entity</Filter>
    </ClInclude>
    <ClInclude Include="Classes\entity\AStarController.h">
      <Filter>Classes\entity</Filter>
    </ClInclude>
    <ClInclude Include="Classes\layer\EffectLayer.h">
      <Filter>Classes\layer</Filter>
    </ClInclude>
    <ClInclude Include="Classes\script\LuaStack.h">
      <Filter>Classes\script</Filter>
    </ClInclude>
    <ClInclude Include="Classes\layer\Text.h">
      <Filter>Classes\layer</Filter>
    </ClInclude>
    <ClInclude Include="Classes\layer\SpritePool.h">
      <Filter>Classes\layer</Filter>
    </ClInclude>
    <ClInclude Include="Classes\entity\LuaObject.h">
      <Filter>Classes\entity</Filter>
    </ClInclude>
    <ClInclude Include="Classes\script\BaseScript.h">
      <Filter>Classes\script</Filter>
    </ClInclude>
    <ClInclude Include="Classes\script\ObjectScript.h">
      <Filter>Classes\script</Filter>
    </ClInclude>
    <ClInclude Include="Classes\manager\PlayerManager.h">
      <Filter>Classes\manager</Filter>
    </ClInclude>
    <ClInclude Include="Classes\manager\ScriptManager.h">
      <Filter>Classes\manager</Filter>
    </ClInclude>
    <ClInclude Include="Classes\entity\PathStep.h">
      <Filter>Classes\entity</Filter>
    </ClInclude>
    <ClInclude Include="Classes\ui\OperationLayer.h">
      <Filter>Classes\ui</Filter>
    </ClInclude>
  </ItemGroup>
</Project>