<?xml version="1.0" encoding="utf-8"?>
<Project ToolsVersion="4.0" xmlns="http://schemas.microsoft.com/developer/msbuild/2003">
  <ItemGroup>
    <Filter Include="Classes">
      <UniqueIdentifier>{e1598a9d-6e1d-4a52-b182-bbd6b14e2e79}</UniqueIdentifier>
    </Filter>
    <Filter Include="Classes\layer">
      <UniqueIdentifier>{59dc0af6-0afc-4a10-bf74-4992b86fc33f}</UniqueIdentifier>
    </Filter>
    <Filter Include="Classes\data">
      <UniqueIdentifier>{387d5645-057a-492a-af81-8d31b4000d0f}</UniqueIdentifier>
    </Filter>
    <Filter Include="Classes\entity">
      <UniqueIdentifier>{96efb805-bd05-43ed-a0df-6984a4a9319b}</UniqueIdentifier>
    </Filter>
    <Filter Include="Classes\script">
      <UniqueIdentifier>{69110372-bf58-4eb4-849b-187e0b29f17a}</UniqueIdentifier>
    </Filter>
    <Filter Include="Classes\manager">
      <UniqueIdentifier>{a8bb7a15-82e8-4313-9e2c-78d1e97bb62b}</UniqueIdentifier>
    </Filter>
    <Filter Include="Classes\ui">
      <UniqueIdentifier>{c74e9704-d42b-4fd8-b8ac-acbb7ca504c7}</UniqueIdentifier>
    </Filter>
    <Filter Include="Classes\dist">
      <UniqueIdentifier>{b9472b9f-1c46-46bc-9739-1f8c8a58c099}</UniqueIdentifier>
    </Filter>
    <Filter Include="Classes\battle">
      <UniqueIdentifier>{5a6ea161-772f-4a88-8f99-04b0ba7de5a8}</UniqueIdentifier>
    </Filter>
    <Filter Include="Classes\battle\entity">
      <UniqueIdentifier>{37f0db98-264f-48c5-b12b-a03c225b03b6}</UniqueIdentifier>
    </Filter>
  </ItemGroup>
  <ItemGroup>
    <ClCompile Include="Classes\HelloWorldScene.cpp">
      <Filter>Classes</Filter>
    </ClCompile>
    <ClCompile Include="Classes\main.cpp">
      <Filter>Classes</Filter>
    </ClCompile>
    <ClCompile Include="Classes\GameScene.cpp">
      <Filter>Classes</Filter>
    </ClCompile>
    <ClCompile Include="Classes\layer\MapLayer.cpp">
      <Filter>Classes\layer</Filter>
    </ClCompile>
    <ClCompile Include="Classes\data\DynamicData.cpp">
      <Filter>Classes\data</Filter>
    </ClCompile>
    <ClCompile Include="Classes\data\StaticData.cpp">
      <Filter>Classes\data</Filter>
    </ClCompile>
    <ClCompile Include="Classes\data\UserRecord.cpp">
      <Filter>Classes\data</Filter>
    </ClCompile>
    <ClCompile Include="Classes\data\CharacterData.cpp">
      <Filter>Classes\data</Filter>
    </ClCompile>
    <ClCompile Include="Classes\entity\AStar.cpp">
      <Filter>Classes\entity</Filter>
    </ClCompile>
    <ClCompile Include="Classes\entity\Character.cpp">
      <Filter>Classes\entity</Filter>
    </ClCompile>
    <ClCompile Include="Classes\entity\Entity.cpp">
      <Filter>Classes\entity</Filter>
    </ClCompile>
    <ClCompile Include="Classes\entity\Controller.cpp">
      <Filter>Classes\entity</Filter>
    </ClCompile>
    <ClCompile Include="Classes\entity\FollowController.cpp">
      <Filter>Classes\entity</Filter>
    </ClCompile>
    <ClCompile Include="Classes\entity\AStarController.cpp">
      <Filter>Classes\entity</Filter>
    </ClCompile>
    <ClCompile Include="Classes\layer\EffectLayer.cpp">
      <Filter>Classes\layer</Filter>
    </ClCompile>
    <ClCompile Include="Classes\script\LuaStack.cpp">
      <Filter>Classes\script</Filter>
    </ClCompile>
    <ClCompile Include="Classes\layer\Text.cpp">
      <Filter>Classes\layer</Filter>
    </ClCompile>
    <ClCompile Include="Classes\layer\SpritePool.cpp">
      <Filter>Classes\layer</Filter>
    </ClCompile>
    <ClCompile Include="Classes\entity\LuaObject.cpp">
      <Filter>Classes\entity</Filter>
    </ClCompile>
    <ClCompile Include="Classes\script\BaseScript.cpp">
      <Filter>Classes\script</Filter>
    </ClCompile>
    <ClCompile Include="Classes\script\ObjectScript.cpp">
      <Filter>Classes\script</Filter>
    </ClCompile>
    <ClCompile Include="Classes\manager\PlayerManager.cpp">
      <Filter>Classes\manager</Filter>
    </ClCompile>
    <ClCompile Include="Classes\manager\ScriptManager.cpp">
      <Filter>Classes\manager</Filter>
    </ClCompile>
    <ClCompile Include="Classes\entity\PathStep.cpp">
      <Filter>Classes\entity</Filter>
    </ClCompile>
    <ClCompile Include="Classes\ui\OperationLayer.cpp">
      <Filter>Classes\ui</Filter>
    </ClCompile>
    <ClCompile Include="Classes\entity\Good.cpp">
      <Filter>Classes\entity</Filter>
    </ClCompile>
    <ClCompile Include="Classes\ui\GoodLayer.cpp">
      <Filter>Classes\ui</Filter>
    </ClCompile>
    <ClCompile Include="Classes\ui\BagLayer.cpp">
      <Filter>Classes\ui</Filter>
    </ClCompile>
    <ClCompile Include="Classes\dist\jsoncpp.cpp">
      <Filter>Classes\dist</Filter>
    </ClCompile>
    <ClCompile Include="Classes\ui\AttributeLayer.cpp">
      <Filter>Classes\ui</Filter>
    </ClCompile>
    <ClCompile Include="Classes\battle\BattleScene.cpp">
      <Filter>Classes\battle</Filter>
    </ClCompile>
    <ClCompile Include="Classes\battle\BattleLayer.cpp">
      <Filter>Classes\battle</Filter>
    </ClCompile>
    <ClCompile Include="Classes\battle\HpBar.cpp">
      <Filter>Classes\battle</Filter>
    </ClCompile>
    <ClCompile Include="Classes\battle\Actor.cpp">
      <Filter>Classes\battle\entity</Filter>
    </ClCompile>
    <ClCompile Include="Classes\battle\Enemy.cpp">
      <Filter>Classes\battle\entity</Filter>
    </ClCompile>
    <ClCompile Include="Classes\battle\Fighter.cpp">
      <Filter>Classes\battle\entity</Filter>
    </ClCompile>
    <ClCompile Include="Classes\battle\BattleResult.cpp">
      <Filter>Classes\battle</Filter>
    </ClCompile>
    <ClCompile Include="Classes\battle\BattlePanelLayer.cpp">
      <Filter>Classes\battle</Filter>
    </ClCompile>
    <ClCompile Include="Classes\battle\PriorityQueue.cpp">
      <Filter>Classes\battle\entity</Filter>
    </ClCompile>
    <ClCompile Include="Classes\layer\MessageLayer.cpp">
      <Filter>Classes\layer</Filter>
    </ClCompile>
    <ClCompile Include="Classes\script\BattleScript.cpp">
      <Filter>Classes\script</Filter>
    </ClCompile>
    <ClCompile Include="Classes\entity\RotateSpeedSprite.cpp">
      <Filter>Classes\entity</Filter>
    </ClCompile>
    <ClCompile Include="Classes\entity\FlowWord.cpp">
      <Filter>Classes\entity</Filter>
    </ClCompile>
    <ClCompile Include="Classes\script\CharacterScript.cpp">
      <Filter>Classes\script</Filter>
    </ClCompile>
    <ClCompile Include="Classes\script\PartyScript.cpp">
      <Filter>Classes\script</Filter>
    </ClCompile>
    <ClCompile Include="Classes\script\MsgScript.cpp">
      <Filter>Classes\script</Filter>
    </ClCompile>
    <ClCompile Include="Classes\script\SoundScript.cpp">
      <Filter>Classes\script</Filter>
    </ClCompile>
  </ItemGroup>
  <ItemGroup>
    <ClInclude Include="Classes\HelloWorldScene.h">
      <Filter>Classes</Filter>
    </ClInclude>
    <ClInclude Include="Classes\GameScene.h">
      <Filter>Classes</Filter>
    </ClInclude>
    <ClInclude Include="Classes\layer\MapLayer.h">
      <Filter>Classes\layer</Filter>
    </ClInclude>
    <ClInclude Include="Classes\data\DynamicData.h">
      <Filter>Classes\data</Filter>
    </ClInclude>
    <ClInclude Include="Classes\data\StaticData.h">
      <Filter>Classes\data</Filter>
    </ClInclude>
    <ClInclude Include="Classes\data\UserRecord.h">
      <Filter>Classes\data</Filter>
    </ClInclude>
    <ClInclude Include="Classes\GameMacros.h">
      <Filter>Classes</Filter>
    </ClInclude>
    <ClInclude Include="Classes\data\CharacterData.h">
      <Filter>Classes\data</Filter>
    </ClInclude>
    <ClInclude Include="Classes\entity\AStar.h">
      <Filter>Classes\entity</Filter>
    </ClInclude>
    <ClInclude Include="Classes\entity\Character.h">
      <Filter>Classes\entity</Filter>
    </ClInclude>
    <ClInclude Include="Classes\entity\Entity.h">
      <Filter>Classes\entity</Filter>
    </ClInclude>
    <ClInclude Include="Classes\entity\Controller.h">
      <Filter>Classes\entity</Filter>
    </ClInclude>
    <ClInclude Include="Classes\entity\ControllerListener.h">
      <Filter>Classes\entity</Filter>
    </ClInclude>
    <ClInclude Include="Classes\entity\FollowController.h">
      <Filter>Classes\entity</Filter>
    </ClInclude>
    <ClInclude Include="Classes\entity\AStarController.h">
      <Filter>Classes\entity</Filter>
    </ClInclude>
    <ClInclude Include="Classes\layer\EffectLayer.h">
      <Filter>Classes\layer</Filter>
    </ClInclude>
    <ClInclude Include="Classes\script\LuaStack.h">
      <Filter>Classes\script</Filter>
    </ClInclude>
    <ClInclude Include="Classes\layer\Text.h">
      <Filter>Classes\layer</Filter>
    </ClInclude>
    <ClInclude Include="Classes\layer\SpritePool.h">
      <Filter>Classes\layer</Filter>
    </ClInclude>
    <ClInclude Include="Classes\entity\LuaObject.h">
      <Filter>Classes\entity</Filter>
    </ClInclude>
    <ClInclude Include="Classes\script\BaseScript.h">
      <Filter>Classes\script</Filter>
    </ClInclude>
    <ClInclude Include="Classes\script\ObjectScript.h">
      <Filter>Classes\script</Filter>
    </ClInclude>
    <ClInclude Include="Classes\manager\PlayerManager.h">
      <Filter>Classes\manager</Filter>
    </ClInclude>
    <ClInclude Include="Classes\manager\ScriptManager.h">
      <Filter>Classes\manager</Filter>
    </ClInclude>
    <ClInclude Include="Classes\entity\PathStep.h">
      <Filter>Classes\entity</Filter>
    </ClInclude>
    <ClInclude Include="Classes\ui\OperationLayer.h">
      <Filter>Classes\ui</Filter>
    </ClInclude>
    <ClInclude Include="Classes\entity\Good.h">
      <Filter>Classes\entity</Filter>
    </ClInclude>
    <ClInclude Include="Classes\entity\GoodInterface.h">
      <Filter>Classes\entity</Filter>
    </ClInclude>
    <ClInclude Include="Classes\ui\GoodLayer.h">
      <Filter>Classes\ui</Filter>
    </ClInclude>
    <ClInclude Include="Classes\ui\BagLayer.h">
      <Filter>Classes\ui</Filter>
    </ClInclude>
    <ClInclude Include="Classes\dist\json\json.h">
      <Filter>Classes\dist</Filter>
    </ClInclude>
    <ClInclude Include="Classes\dist\json\json-forwards.h">
      <Filter>Classes\dist</Filter>
    </ClInclude>
    <ClInclude Include="Classes\ui\AttributeLayer.h">
      <Filter>Classes\ui</Filter>
    </ClInclude>
    <ClInclude Include="Classes\battle\BattleScene.h">
      <Filter>Classes\battle</Filter>
    </ClInclude>
    <ClInclude Include="Classes\battle\BattleLayer.h">
      <Filter>Classes\battle</Filter>
    </ClInclude>
    <ClInclude Include="Classes\battle\HpBar.h">
      <Filter>Classes\battle</Filter>
    </ClInclude>
    <ClInclude Include="Classes\battle\Actor.h">
      <Filter>Classes\battle\entity</Filter>
    </ClInclude>
    <ClInclude Include="Classes\battle\Enemy.h">
      <Filter>Classes\battle\entity</Filter>
    </ClInclude>
    <ClInclude Include="Classes\battle\Fighter.h">
      <Filter>Classes\battle\entity</Filter>
    </ClInclude>
    <ClInclude Include="Classes\battle\BattleResult.h">
      <Filter>Classes\battle</Filter>
    </ClInclude>
    <ClInclude Include="Classes\battle\BattlePanelLayer.h">
      <Filter>Classes\battle</Filter>
    </ClInclude>
    <ClInclude Include="Classes\battle\PriorityQueue.h">
      <Filter>Classes\battle\entity</Filter>
    </ClInclude>
    <ClInclude Include="Classes\layer\MessageLayer.h">
      <Filter>Classes\layer</Filter>
    </ClInclude>
    <ClInclude Include="Classes\script\BattleScript.h">
      <Filter>Classes\script</Filter>
    </ClInclude>
    <ClInclude Include="Classes\entity\RotateSpeedSprite.h">
      <Filter>Classes\entity</Filter>
    </ClInclude>
    <ClInclude Include="Classes\entity\FlowWord.h">
      <Filter>Classes\entity</Filter>
    </ClInclude>
    <ClInclude Include="Classes\script\CharacterScript.h">
      <Filter>Classes\script</Filter>
    </ClInclude>
    <ClInclude Include="Classes\script\PartyScript.h">
      <Filter>Classes\script</Filter>
    </ClInclude>
    <ClInclude Include="Classes\script\MsgScript.h">
      <Filter>Classes\script</Filter>
    </ClInclude>
    <ClInclude Include="Classes\script\SoundScript.h">
      <Filter>Classes\script</Filter>
    </ClInclude>
  </ItemGroup>
</Project>